
Microsoft Visual Studio Solution File, Format Version 12.00
# Visual Studio 15
VisualStudioVersion = 15.0.26730.16
MinimumVisualStudioVersion = 10.0.40219.1
Project("{FAE04EC0-301F-11D3-BF4B-00C04F79EFBC}") = "PortafolioNet.Business", "PortafolioNet.Business\PortafolioNet.Business.csproj", "{FAFC2687-A146-4CD8-AC7B-98906EA75A66}"
EndProject
Project("{FAE04EC0-301F-11D3-BF4B-00C04F79EFBC}") = "PortafolioNet.View", "PortafolioNet.View\PortafolioNet.View.csproj", "{50B0D54E-FB94-4FC1-8CB7-D0AB256B841E}"
EndProject
Project("{FAE04EC0-301F-11D3-BF4B-00C04F79EFBC}") = "PortafolioTest", "PortafolioTest\PortafolioTest.csproj", "{C93AFCF3-A0BE-4399-92AC-82F8543FB288}"
EndProject
Project("{FAE04EC0-301F-11D3-BF4B-00C04F79EFBC}") = "PortafolioNet.Data", "PortafolioNet.Data\PortafolioNet.Data.csproj", "{07936040-8450-4803-A48B-A35E6442754C}"
EndProject
Global
	GlobalSection(SolutionConfigurationPlatforms) = preSolution
		Debug|Any CPU = Debug|Any CPU
		Release|Any CPU = Release|Any CPU
	EndGlobalSection
	GlobalSection(ProjectConfigurationPlatforms) = postSolution
		{FAFC2687-A146-4CD8-AC7B-98906EA75A66}.Debug|Any CPU.ActiveCfg = Debug|Any CPU
		{FAFC2687-A146-4CD8-AC7B-98906EA75A66}.Debug|Any CPU.Build.0 = Debug|Any CPU
		{FAFC2687-A146-4CD8-AC7B-98906EA75A66}.Release|Any CPU.ActiveCfg = Release|Any CPU
		{FAFC2687-A146-4CD8-AC7B-98906EA75A66}.Release|Any CPU.Build.0 = Release|Any CPU
		{50B0D54E-FB94-4FC1-8CB7-D0AB256B841E}.Debug|Any CPU.ActiveCfg = Debug|Any CPU
		{50B0D54E-FB94-4FC1-8CB7-D0AB256B841E}.Debug|Any CPU.Build.0 = Debug|Any CPU
		{50B0D54E-FB94-4FC1-8CB7-D0AB256B841E}.Release|Any CPU.ActiveCfg = Release|Any CPU
		{50B0D54E-FB94-4FC1-8CB7-D0AB256B841E}.Release|Any CPU.Build.0 = Release|Any CPU
		{C93AFCF3-A0BE-4399-92AC-82F8543FB288}.Debug|Any CPU.ActiveCfg = Debug|Any CPU
		{C93AFCF3-A0BE-4399-92AC-82F8543FB288}.Debug|Any CPU.Build.0 = Debug|Any CPU
		{C93AFCF3-A0BE-4399-92AC-82F8543FB288}.Release|Any CPU.ActiveCfg = Release|Any CPU
		{C93AFCF3-A0BE-4399-92AC-82F8543FB288}.Release|Any CPU.Build.0 = Release|Any CPU
		{07936040-8450-4803-A48B-A35E6442754C}.Debug|Any CPU.ActiveCfg = Debug|Any CPU
		{07936040-8450-4803-A48B-A35E6442754C}.Debug|Any CPU.Build.0 = Debug|Any CPU
		{07936040-8450-4803-A48B-A35E6442754C}.Release|Any CPU.ActiveCfg = Release|Any CPU
		{07936040-8450-4803-A48B-A35E6442754C}.Release|Any CPU.Build.0 = Release|Any CPU
	EndGlobalSection
	GlobalSection(SolutionProperties) = preSolution
		HideSolutionNode = FALSE
	EndGlobalSection
	GlobalSection(ExtensibilityGlobals) = postSolution
		SolutionGuid = {181FADF9-A741-49F8-9152-CE3353630D67}
	EndGlobalSection
EndGlobal
